
Microsoft Visual Studio Solution File, Format Version 12.00
# Visual Studio Version 17
VisualStudioVersion = 17.0.31912.275
MinimumVisualStudioVersion = 10.0.40219.1
Project("{9A19103F-16F7-4668-BE54-9A1E7A4F7556}") = "TimeManagementAPI", "TimeManagementAPI\TimeManagementAPI.csproj", "{965C7FFF-7B46-4343-8CF6-5B97492F6C7D}"
EndProject
Project("{FAE04EC0-301F-11D3-BF4B-00C04F79EFBC}") = "TimeManagementAPITests", "TimeManagementAPITests\TimeManagementAPITests.csproj", "{E3E42829-FE1B-4474-A9D6-76D128437238}"
EndProject
Global
	GlobalSection(SolutionConfigurationPlatforms) = preSolution
		Debug|Any CPU = Debug|Any CPU
		Release|Any CPU = Release|Any CPU
	EndGlobalSection
	GlobalSection(ProjectConfigurationPlatforms) = postSolution
		{965C7FFF-7B46-4343-8CF6-5B97492F6C7D}.Debug|Any CPU.ActiveCfg = Debug|Any CPU
		{965C7FFF-7B46-4343-8CF6-5B97492F6C7D}.Debug|Any CPU.Build.0 = Debug|Any CPU
		{965C7FFF-7B46-4343-8CF6-5B97492F6C7D}.Release|Any CPU.ActiveCfg = Release|Any CPU
		{965C7FFF-7B46-4343-8CF6-5B97492F6C7D}.Release|Any CPU.Build.0 = Release|Any CPU
		{E3E42829-FE1B-4474-A9D6-76D128437238}.Debug|Any CPU.ActiveCfg = Debug|Any CPU
		{E3E42829-FE1B-4474-A9D6-76D128437238}.Debug|Any CPU.Build.0 = Debug|Any CPU
		{E3E42829-FE1B-4474-A9D6-76D128437238}.Release|Any CPU.ActiveCfg = Release|Any CPU
		{E3E42829-FE1B-4474-A9D6-76D128437238}.Release|Any CPU.Build.0 = Release|Any CPU
	EndGlobalSection
	GlobalSection(SolutionProperties) = preSolution
		HideSolutionNode = FALSE
	EndGlobalSection
	GlobalSection(ExtensibilityGlobals) = postSolution
		SolutionGuid = {DB3F8D9B-E59F-4766-89BB-B4ED51BFFC22}
	EndGlobalSection
EndGlobal
